
Microsoft Visual Studio Solution File, Format Version 12.00
# Visual Studio Version 17
VisualStudioVersion = 17.3.32901.215
MinimumVisualStudioVersion = 10.0.40219.1
Project("{FAE04EC0-301F-11D3-BF4B-00C04F79EFBC}") = "PP_lab1", "PP_lab1\PP_lab1.csproj", "{A1D3371A-002C-432D-99D2-E458A3D00959}"
EndProject
Global
	GlobalSection(SolutionConfigurationPlatforms) = preSolution
		Debug|Any CPU = Debug|Any CPU
		Release|Any CPU = Release|Any CPU
	EndGlobalSection
	GlobalSection(ProjectConfigurationPlatforms) = postSolution
		{A1D3371A-002C-432D-99D2-E458A3D00959}.Debug|Any CPU.ActiveCfg = Debug|Any CPU
		{A1D3371A-002C-432D-99D2-E458A3D00959}.Debug|Any CPU.Build.0 = Debug|Any CPU
		{A1D3371A-002C-432D-99D2-E458A3D00959}.Release|Any CPU.ActiveCfg = Release|Any CPU
		{A1D3371A-002C-432D-99D2-E458A3D00959}.Release|Any CPU.Build.0 = Release|Any CPU
	EndGlobalSection
	GlobalSection(SolutionProperties) = preSolution
		HideSolutionNode = FALSE
	EndGlobalSection
	GlobalSection(ExtensibilityGlobals) = postSolution
		SolutionGuid = {1D72A9EA-29D6-48C3-A119-1E33FF7CC494}
	EndGlobalSection
EndGlobal
